
Microsoft Visual Studio Solution File, Format Version 12.00
# Visual Studio Version 17
VisualStudioVersion = 17.1.32421.90
MinimumVisualStudioVersion = 10.0.40219.1
Project("{9A19103F-16F7-4668-BE54-9A1E7A4F7556}") = "DEM.DotNet.DataStructure.QuickSort", "DEM.DotNet.DataStructure.QuickSort\DEM.DotNet.DataStructure.QuickSort.csproj", "{21110242-31B4-4599-9322-9A483C32B859}"
EndProject
Project("{9A19103F-16F7-4668-BE54-9A1E7A4F7556}") = "DEM.DotNet.DataStructure.Stack", "DEM.DotNet.DataStructure.Stack\DEM.DotNet.DataStructure.Stack.csproj", "{AB15C6F6-8EDF-44A5-B0DF-DDDBAAFD8037}"
EndProject
Project("{9A19103F-16F7-4668-BE54-9A1E7A4F7556}") = "DEM.DotNet.DataStructure.StackBalance", "DEM.DotNet.DataStructure.StackBalance\DEM.DotNet.DataStructure.StackBalance.csproj", "{3142FB0D-E984-499C-802F-FAB457BF97BF}"
EndProject
Project("{9A19103F-16F7-4668-BE54-9A1E7A4F7556}") = "DEM.DotNet.DataStructure.Queue", "DEM.DotNet.DataStructure.Queue\DEM.DotNet.DataStructure.Queue.csproj", "{4DCEDD60-1E04-4809-AB8B-E4F3268BC36F}"
EndProject
Project("{9A19103F-16F7-4668-BE54-9A1E7A4F7556}") = "DEM.DotNet.DataStructure.HashTableSeparateChain", "DEM.DotNet.DataStructure.HashTable\DEM.DotNet.DataStructure.HashTableSeparateChain.csproj", "{C4BC1F1B-FABA-42C5-A6F9-865990B1EA1E}"
EndProject
Project("{9A19103F-16F7-4668-BE54-9A1E7A4F7556}") = "DEM.DotNet.DataStructure.HashTableOpenAdressing", "DEM.DotNet.DataStructure.HashTableOpenAdressing\DEM.DotNet.DataStructure.HashTableOpenAdressing.csproj", "{037C4CBC-5660-471E-B8F7-16EB1832148F}"
EndProject
Project("{FAE04EC0-301F-11D3-BF4B-00C04F79EFBC}") = "DEM.DotNet.DataStructure.HashTableReHash", "DEM.DotNet.DataStructure.HashTableReHash\DEM.DotNet.DataStructure.HashTableReHash.csproj", "{ED3FDC75-71A9-47F6-A46D-1B1E80B158DE}"
EndProject
Global
	GlobalSection(SolutionConfigurationPlatforms) = preSolution
		Debug|Any CPU = Debug|Any CPU
		Release|Any CPU = Release|Any CPU
	EndGlobalSection
	GlobalSection(ProjectConfigurationPlatforms) = postSolution
		{21110242-31B4-4599-9322-9A483C32B859}.Debug|Any CPU.ActiveCfg = Debug|Any CPU
		{21110242-31B4-4599-9322-9A483C32B859}.Debug|Any CPU.Build.0 = Debug|Any CPU
		{21110242-31B4-4599-9322-9A483C32B859}.Release|Any CPU.ActiveCfg = Release|Any CPU
		{21110242-31B4-4599-9322-9A483C32B859}.Release|Any CPU.Build.0 = Release|Any CPU
		{AB15C6F6-8EDF-44A5-B0DF-DDDBAAFD8037}.Debug|Any CPU.ActiveCfg = Debug|Any CPU
		{AB15C6F6-8EDF-44A5-B0DF-DDDBAAFD8037}.Debug|Any CPU.Build.0 = Debug|Any CPU
		{AB15C6F6-8EDF-44A5-B0DF-DDDBAAFD8037}.Release|Any CPU.ActiveCfg = Release|Any CPU
		{AB15C6F6-8EDF-44A5-B0DF-DDDBAAFD8037}.Release|Any CPU.Build.0 = Release|Any CPU
		{3142FB0D-E984-499C-802F-FAB457BF97BF}.Debug|Any CPU.ActiveCfg = Debug|Any CPU
		{3142FB0D-E984-499C-802F-FAB457BF97BF}.Debug|Any CPU.Build.0 = Debug|Any CPU
		{3142FB0D-E984-499C-802F-FAB457BF97BF}.Release|Any CPU.ActiveCfg = Release|Any CPU
		{3142FB0D-E984-499C-802F-FAB457BF97BF}.Release|Any CPU.Build.0 = Release|Any CPU
		{4DCEDD60-1E04-4809-AB8B-E4F3268BC36F}.Debug|Any CPU.ActiveCfg = Debug|Any CPU
		{4DCEDD60-1E04-4809-AB8B-E4F3268BC36F}.Debug|Any CPU.Build.0 = Debug|Any CPU
		{4DCEDD60-1E04-4809-AB8B-E4F3268BC36F}.Release|Any CPU.ActiveCfg = Release|Any CPU
		{4DCEDD60-1E04-4809-AB8B-E4F3268BC36F}.Release|Any CPU.Build.0 = Release|Any CPU
		{C4BC1F1B-FABA-42C5-A6F9-865990B1EA1E}.Debug|Any CPU.ActiveCfg = Debug|Any CPU
		{C4BC1F1B-FABA-42C5-A6F9-865990B1EA1E}.Debug|Any CPU.Build.0 = Debug|Any CPU
		{C4BC1F1B-FABA-42C5-A6F9-865990B1EA1E}.Release|Any CPU.ActiveCfg = Release|Any CPU
		{C4BC1F1B-FABA-42C5-A6F9-865990B1EA1E}.Release|Any CPU.Build.0 = Release|Any CPU
		{037C4CBC-5660-471E-B8F7-16EB1832148F}.Debug|Any CPU.ActiveCfg = Debug|Any CPU
		{037C4CBC-5660-471E-B8F7-16EB1832148F}.Debug|Any CPU.Build.0 = Debug|Any CPU
		{037C4CBC-5660-471E-B8F7-16EB1832148F}.Release|Any CPU.ActiveCfg = Release|Any CPU
		{037C4CBC-5660-471E-B8F7-16EB1832148F}.Release|Any CPU.Build.0 = Release|Any CPU
		{ED3FDC75-71A9-47F6-A46D-1B1E80B158DE}.Debug|Any CPU.ActiveCfg = Debug|Any CPU
		{ED3FDC75-71A9-47F6-A46D-1B1E80B158DE}.Debug|Any CPU.Build.0 = Debug|Any CPU
		{ED3FDC75-71A9-47F6-A46D-1B1E80B158DE}.Release|Any CPU.ActiveCfg = Release|Any CPU
		{ED3FDC75-71A9-47F6-A46D-1B1E80B158DE}.Release|Any CPU.Build.0 = Release|Any CPU
	EndGlobalSection
	GlobalSection(SolutionProperties) = preSolution
		HideSolutionNode = FALSE
	EndGlobalSection
	GlobalSection(ExtensibilityGlobals) = postSolution
		SolutionGuid = {6323FE2A-A67B-4ADE-926E-70B78A505E9B}
	EndGlobalSection
EndGlobal
